{
  "pins" : [
    {
      "identity" : "swiftpg-cifilters",
      "kind" : "remoteSourceControl",
      "location" : "https://github.com/TobiasPott/SwiftPG-CIFilters.git",
      "state" : {
        "revision" : "0b758702be3ec3116658b1b6bb3c7361e1cea347",
        "version" : "1.0.0"
      }
    }
  ],
  "version" : 2
}
